{
    "_readme": [
        "This file locks the dependencies of your project to a known state",
        "Read more about it at https://getcomposer.org/doc/01-basic-usage.md#composer-lock-the-lock-file",
        "This file is @generated automatically"
    ],
    "hash": "8deb34435d4a37c9402774d118f285c0",
    "content-hash": "b4fa5fe6cd921e08ff34efeff5a88e34",
    "packages": [
        {
            "name": "symfony/console",
            "version": "v3.1.0",
            "source": {
                "type": "git",
                "url": "https://github.com/symfony/console.git",
                "reference": "f62db5b8afec27073a4609b8c84b1f9936652259"
            },
            "dist": {
                "type": "zip",
                "url": "https://api.github.com/repos/symfony/console/zipball/f62db5b8afec27073a4609b8c84b1f9936652259",
                "reference": "f62db5b8afec27073a4609b8c84b1f9936652259",
                "shasum": ""
            },
            "require": {
                "php": ">=5.5.9",
                "symfony/polyfill-mbstring": "~1.0"
            },
            "require-dev": {
                "psr/log": "~1.0",
                "symfony/event-dispatcher": "~2.8|~3.0",
                "symfony/process": "~2.8|~3.0"
            },
            "suggest": {
                "psr/log": "For using the console logger",
                "symfony/event-dispatcher": "",
                "symfony/process": ""
            },
            "type": "library",
            "extra": {
                "branch-alias": {
                    "dev-master": "3.1-dev"
                }
            },
            "autoload": {
                "psr-4": {
                    "Symfony\\Component\\Console\\": ""
                },
                "exclude-from-classmap": [
                    "/Tests/"
                ]
            },
            "notification-url": "https://packagist.org/downloads/",
            "license": [
                "MIT"
            ],
            "authors": [
                {
                    "name": "Fabien Potencier",
                    "email": "fabien@symfony.com"
                },
                {
                    "name": "Symfony Community",
                    "homepage": "https://symfony.com/contributors"
                }
            ],
            "description": "Symfony Console Component",
            "homepage": "https://symfony.com",
            "time": "2016-05-30 06:58:39"
        },
        {
            "name": "symfony/polyfill-mbstring",
            "version": "dev-master",
            "source": {
                "type": "git",
                "url": "https://github.com/symfony/polyfill-mbstring.git",
                "reference": "53ad9faffe141fbe8f98cd6a7fd9a5e84513f56c"
            },
            "dist": {
                "type": "zip",
                "url": "https://api.github.com/repos/symfony/polyfill-mbstring/zipball/53ad9faffe141fbe8f98cd6a7fd9a5e84513f56c",
                "reference": "53ad9faffe141fbe8f98cd6a7fd9a5e84513f56c",
                "shasum": ""
            },
            "require": {
                "php": ">=5.3.3"
            },
            "suggest": {
                "ext-mbstring": "For best performance"
            },
            "type": "library",
            "extra": {
                "branch-alias": {
                    "dev-master": "1.2-dev"
                }
            },
            "autoload": {
                "psr-4": {
                    "Symfony\\Polyfill\\Mbstring\\": ""
                },
                "files": [
                    "bootstrap.php"
                ]
            },
            "notification-url": "https://packagist.org/downloads/",
            "license": [
                "MIT"
            ],
            "authors": [
                {
                    "name": "Nicolas Grekas",
                    "email": "p@tchwork.com"
                },
                {
                    "name": "Symfony Community",
                    "homepage": "https://symfony.com/contributors"
                }
            ],
            "description": "Symfony polyfill for the Mbstring extension",
            "homepage": "https://symfony.com",
            "keywords": [
                "compatibility",
                "mbstring",
                "polyfill",
                "portable",
                "shim"
            ],
            "time": "2016-08-30 17:06:17"
        }
    ],
    "packages-dev": [
        {
            "name": "ukko/phpredis-phpdoc",
            "version": "dev-master",
            "source": {
                "type": "git",
                "url": "https://github.com/ukko/phpredis-phpdoc.git",
                "reference": "acee5c7d049ecc04d8dc42694bcc8fb9723cbee7"
            },
            "dist": {
                "type": "zip",
                "url": "https://api.github.com/repos/ukko/phpredis-phpdoc/zipball/acee5c7d049ecc04d8dc42694bcc8fb9723cbee7",
                "reference": "acee5c7d049ecc04d8dc42694bcc8fb9723cbee7",
                "shasum": ""
            },
            "require": {
                "php": ">=5.3.0"
            },
            "type": "library",
            "extra": {
                "branch-alias": {
                    "dev-master": "2.2.x-dev"
                }
            },
            "autoload": {
                "psr-0": {
                    "phpredis-phpdoc": "src/"
                }
            },
            "notification-url": "https://packagist.org/downloads/",
            "license": [
                "MIT"
            ],
            "authors": [
                {
                    "name": "Max Kamashev",
                    "email": "max.kamashev@gmail.com",
                    "homepage": "http://uk0.us/",
                    "role": "Developer"
                }
            ],
            "description": "@phpdoc extension phpredis for IDE autocomplete",
            "homepage": "https://github.com/ukko/phpredis-phpdoc",
            "keywords": [
                "helper",
                "phpredis",
                "redis"
            ],
            "time": "2016-09-09 13:34:06"
        }
    ],
    "aliases": [],
    "minimum-stability": "dev",
    "stability-flags": [],
    "prefer-stable": false,
    "prefer-lowest": false,
    "platform": {
        "ext-redis": "*"
    },
    "platform-dev": []
}
